
Microsoft Visual Studio Solution File, Format Version 12.00
# Visual Studio Version 16
VisualStudioVersion = 16.0.31205.134
MinimumVisualStudioVersion = 10.0.40219.1
Project("{9A19103F-16F7-4668-BE54-9A1E7A4F7556}") = "DataLibrary", "DataLibrary\DataLibrary.csproj", "{68E7301F-DEA2-4688-B519-DE5E59F6F252}"
EndProject
Project("{9A19103F-16F7-4668-BE54-9A1E7A4F7556}") = "Tests", "Tests\Tests.csproj", "{46223B6F-6400-4C76-9066-441E8ACB6A21}"
EndProject
Global
	GlobalSection(SolutionConfigurationPlatforms) = preSolution
		Debug|Any CPU = Debug|Any CPU
		Release|Any CPU = Release|Any CPU
	EndGlobalSection
	GlobalSection(ProjectConfigurationPlatforms) = postSolution
		{68E7301F-DEA2-4688-B519-DE5E59F6F252}.Debug|Any CPU.ActiveCfg = Debug|Any CPU
		{68E7301F-DEA2-4688-B519-DE5E59F6F252}.Debug|Any CPU.Build.0 = Debug|Any CPU
		{68E7301F-DEA2-4688-B519-DE5E59F6F252}.Release|Any CPU.ActiveCfg = Release|Any CPU
		{68E7301F-DEA2-4688-B519-DE5E59F6F252}.Release|Any CPU.Build.0 = Release|Any CPU
		{46223B6F-6400-4C76-9066-441E8ACB6A21}.Debug|Any CPU.ActiveCfg = Debug|Any CPU
		{46223B6F-6400-4C76-9066-441E8ACB6A21}.Release|Any CPU.ActiveCfg = Release|Any CPU
		{46223B6F-6400-4C76-9066-441E8ACB6A21}.Release|Any CPU.Build.0 = Release|Any CPU
	EndGlobalSection
	GlobalSection(SolutionProperties) = preSolution
		HideSolutionNode = FALSE
	EndGlobalSection
	GlobalSection(ExtensibilityGlobals) = postSolution
		SolutionGuid = {31C08380-AE42-4398-A61D-B9BC9434B48C}
	EndGlobalSection
EndGlobal
